
Microsoft Visual Studio Solution File, Format Version 12.00
# Visual Studio 15
VisualStudioVersion = 15.0.28307.1082
MinimumVisualStudioVersion = 10.0.40219.1
Project("{FAE04EC0-301F-11D3-BF4B-00C04F79EFBC}") = "AutonumberGeneration", "AutonumberGeneration\AutonumberGeneration.csproj", "{B0DA6F22-F6CA-4D65-92B5-77B6C8321184}"
EndProject
Global
	GlobalSection(SolutionConfigurationPlatforms) = preSolution
		Debug|Any CPU = Debug|Any CPU
		Release|Any CPU = Release|Any CPU
	EndGlobalSection
	GlobalSection(ProjectConfigurationPlatforms) = postSolution
		{B0DA6F22-F6CA-4D65-92B5-77B6C8321184}.Debug|Any CPU.ActiveCfg = Debug|Any CPU
		{B0DA6F22-F6CA-4D65-92B5-77B6C8321184}.Debug|Any CPU.Build.0 = Debug|Any CPU
		{B0DA6F22-F6CA-4D65-92B5-77B6C8321184}.Release|Any CPU.ActiveCfg = Release|Any CPU
		{B0DA6F22-F6CA-4D65-92B5-77B6C8321184}.Release|Any CPU.Build.0 = Release|Any CPU
	EndGlobalSection
	GlobalSection(SolutionProperties) = preSolution
		HideSolutionNode = FALSE
	EndGlobalSection
	GlobalSection(ExtensibilityGlobals) = postSolution
		SolutionGuid = {0F202F6F-DBBB-428A-BB7D-907547561812}
	EndGlobalSection
EndGlobal
